// !$*UTF8*$!
{
	archiveVersion = 1;
	classes = {
	};
	objectVersion = 46;
	objects = {

/* Begin PBXBuildFile section */
		D343B91C1C395017009AD773 /* AppDelegate.m in Sources */ = {isa = PBXBuildFile; fileRef = D343B91B1C395017009AD773 /* AppDelegate.m */; };
		D343B91F1C395017009AD773 /* main.m in Sources */ = {isa = PBXBuildFile; fileRef = D343B91E1C395017009AD773 /* main.m */; };
		D343B9221C395017009AD773 /* GameView.m in Sources */ = {isa = PBXBuildFile; fileRef = D343B9211C395017009AD773 /* GameView.m */; };
		D343B9251C395017009AD773 /* GameViewController.m in Sources */ = {isa = PBXBuildFile; fileRef = D343B9241C395017009AD773 /* GameViewController.m */; };
		D343B9271C395017009AD773 /* art.scnassets in Resources */ = {isa = PBXBuildFile; fileRef = D343B9261C395017009AD773 /* art.scnassets */; };
		D343B9291C395017009AD773 /* Assets.xcassets in Resources */ = {isa = PBXBuildFile; fileRef = D343B9281C395017009AD773 /* Assets.xcassets */; };
		D343B92C1C395017009AD773 /* MainMenu.xib in Resources */ = {isa = PBXBuildFile; fileRef = D343B92A1C395017009AD773 /* MainMenu.xib */; };
/* End PBXBuildFile section */

/* Begin PBXFileReference section */
		D343B9171C395017009AD773 /* opengl.app */ = {isa = PBXFileReference; explicitFileType = wrapper.application; includeInIndex = 0; path = opengl.app; sourceTree = BUILT_PRODUCTS_DIR; };
		D343B91A1C395017009AD773 /* AppDelegate.h */ = {isa = PBXFileReference; lastKnownFileType = sourcecode.c.h; path = AppDelegate.h; sourceTree = "<group>"; };
		D343B91B1C395017009AD773 /* AppDelegate.m */ = {isa = PBXFileReference; lastKnownFileType = sourcecode.c.objc; path = AppDelegate.m; sourceTree = "<group>"; };
		D343B91E1C395017009AD773 /* main.m */ = {isa = PBXFileReference; lastKnownFileType = sourcecode.c.objc; path = main.m; sourceTree = "<group>"; };
		D343B9201C395017009AD773 /* GameView.h */ = {isa = PBXFileReference; lastKnownFileType = sourcecode.c.h; path = GameView.h; sourceTree = "<group>"; };
		D343B9211C395017009AD773 /* GameView.m */ = {isa = PBXFileReference; lastKnownFileType = sourcecode.c.objc; path = GameView.m; sourceTree = "<group>"; };
		D343B9231C395017009AD773 /* GameViewController.h */ = {isa = PBXFileReference; lastKnownFileType = sourcecode.c.h; path = GameViewController.h; sourceTree = "<group>"; };
		D343B9241C395017009AD773 /* GameViewController.m */ = {isa = PBXFileReference; lastKnownFileType = sourcecode.c.objc; path = GameViewController.m; sourceTree = "<group>"; };
		D343B9261C395017009AD773 /* art.scnassets */ = {isa = PBXFileReference; lastKnownFileType = wrapper.scnassets; path = art.scnassets; sourceTree = "<group>"; };
		D343B9281C395017009AD773 /* Assets.xcassets */ = {isa = PBXFileReference; lastKnownFileType = folder.assetcatalog; path = Assets.xcassets; sourceTree = "<group>"; };
		D343B92B1C395017009AD773 /* Base */ = {isa = PBXFileReference; lastKnownFileType = file.xib; name = Base; path = Base.lproj/MainMenu.xib; sourceTree = "<group>"; };
		D343B92D1C395017009AD773 /* Info.plist */ = {isa = PBXFileReference; lastKnownFileType = text.plist.xml; path = Info.plist; sourceTree = "<group>"; };
/* End PBXFileReference section */

/* Begin PBXFrameworksBuildPhase section */
		D343B9141C395017009AD773 /* Frameworks */ = {
			isa = PBXFrameworksBuildPhase;
			buildActionMask = 2147483647;
			files = (
			);
			runOnlyForDeploymentPostprocessing = 0;
		};
/* End PBXFrameworksBuildPhase section */

/* Begin PBXGroup section */
		D343B90E1C395017009AD773 = {
			isa = PBXGroup;
			children = (
				D343B9191C395017009AD773 /* opengl */,
				D343B9181C395017009AD773 /* Products */,
			);
			sourceTree = "<group>";
		};
		D343B9181C395017009AD773 /* Products */ = {
			isa = PBXGroup;
			children = (
				D343B9171C395017009AD773 /* opengl.app */,
			);
			name = Products;
			sourceTree = "<group>";
		};
		D343B9191C395017009AD773 /* opengl */ = {
			isa = PBXGroup;
			children = (
				D343B91A1C395017009AD773 /* AppDelegate.h */,
				D343B91B1C395017009AD773 /* AppDelegate.m */,
				D343B9201C395017009AD773 /* GameView.h */,
				D343B9211C395017009AD773 /* GameView.m */,
				D343B9231C395017009AD773 /* GameViewController.h */,
				D343B9241C395017009AD773 /* GameViewController.m */,
				D343B9261C395017009AD773 /* art.scnassets */,
				D343B9281C395017009AD773 /* Assets.xcassets */,
				D343B92A1C395017009AD773 /* MainMenu.xib */,
				D343B92D1C395017009AD773 /* Info.plist */,
				D343B91D1C395017009AD773 /* Supporting Files */,
			);
			path = opengl;
			sourceTree = "<group>";
		};
		D343B91D1C395017009AD773 /* Supporting Files */ = {
			isa = PBXGroup;
			children = (
				D343B91E1C395017009AD773 /* main.m */,
			);
			name = "Supporting Files";
			sourceTree = "<group>";
		};
/* End PBXGroup section */

/* Begin PBXNativeTarget section */
		D343B9161C395017009AD773 /* opengl */ = {
			isa = PBXNativeTarget;
			buildConfigurationList = D343B9301C395017009AD773 /* Build configuration list for PBXNativeTarget "opengl" */;
			buildPhases = (
				D343B9131C395017009AD773 /* Sources */,
				D343B9141C395017009AD773 /* Frameworks */,
				D343B9151C395017009AD773 /* Resources */,
			);
			buildRules = (
			);
			dependencies = (
			);
			name = opengl;
			productName = opengl;
			productReference = D343B9171C395017009AD773 /* opengl.app */;
			productType = "com.apple.product-type.application";
		};
/* End PBXNativeTarget section */

/* Begin PBXProject section */
		D343B90F1C395017009AD773 /* Project object */ = {
			isa = PBXProject;
			attributes = {
				LastUpgradeCheck = 0720;
				ORGANIZATIONNAME = "Marcin Karmelita";
				TargetAttributes = {
					D343B9161C395017009AD773 = {
						CreatedOnToolsVersion = 7.2;
					};
				};
			};
			buildConfigurationList = D343B9121C395017009AD773 /* Build configuration list for PBXProject "opengl" */;
			compatibilityVersion = "Xcode 3.2";
			developmentRegion = English;
			hasScannedForEncodings = 0;
			knownRegions = (
				en,
				Base,
			);
			mainGroup = D343B90E1C395017009AD773;
			productRefGroup = D343B9181C395017009AD773 /* Products */;
			projectDirPath = "";
			projectRoot = "";
			targets = (
				D343B9161C395017009AD773 /* opengl */,
			);
		};
/* End PBXProject section */

/* Begin PBXResourcesBuildPhase section */
		D343B9151C395017009AD773 /* Resources */ = {
			isa = PBXResourcesBuildPhase;
			buildActionMask = 2147483647;
			files = (
				D343B9291C395017009AD773 /* Assets.xcassets in Resources */,
				D343B9271C395017009AD773 /* art.scnassets in Resources */,
				D343B92C1C395017009AD773 /* MainMenu.xib in Resources */,
			);
			runOnlyForDeploymentPostprocessing = 0;
		};
/* End PBXResourcesBuildPhase section */

/* Begin PBXSourcesBuildPhase section */
		D343B9131C395017009AD773 /* Sources */ = {
			isa = PBXSourcesBuildPhase;
			buildActionMask = 2147483647;
			files = (
				D343B9251C395017009AD773 /* GameViewController.m in Sources */,
				D343B9221C395017009AD773 /* GameView.m in Sources */,
				D343B91F1C395017009AD773 /* main.m in Sources */,
				D343B91C1C395017009AD773 /* AppDelegate.m in Sources */,
			);
			runOnlyForDeploymentPostprocessing = 0;
		};
/* End PBXSourcesBuildPhase section */

/* Begin PBXVariantGroup section */
		D343B92A1C395017009AD773 /* MainMenu.xib */ = {
			isa = PBXVariantGroup;
			children = (
				D343B92B1C395017009AD773 /* Base */,
			);
			name = MainMenu.xib;
			sourceTree = "<group>";
		};
/* End PBXVariantGroup section */

/* Begin XCBuildConfiguration section */
		D343B92E1C395017009AD773 /* Debug */ = {
			isa = XCBuildConfiguration;
			buildSettings = {
				ALWAYS_SEARCH_USER_PATHS = NO;
				CLANG_CXX_LANGUAGE_STANDARD = "gnu++0x";
				CLANG_CXX_LIBRARY = "libc++";
				CLANG_ENABLE_MODULES = YES;
				CLANG_ENABLE_OBJC_ARC = YES;
				CLANG_WARN_BOOL_CONVERSION = YES;
				CLANG_WARN_CONSTANT_CONVERSION = YES;
				CLANG_WARN_DIRECT_OBJC_ISA_USAGE = YES_ERROR;
				CLANG_WARN_EMPTY_BODY = YES;
				CLANG_WARN_ENUM_CONVERSION = YES;
				CLANG_WARN_INT_CONVERSION = YES;
				CLANG_WARN_OBJC_ROOT_CLASS = YES_ERROR;
				CLANG_WARN_UNREACHABLE_CODE = YES;
				CLANG_WARN__DUPLICATE_METHOD_MATCH = YES;
				CODE_SIGN_IDENTITY = "-";
				COPY_PHASE_STRIP = NO;
				DEBUG_INFORMATION_FORMAT = "dwarf-with-dsym";
				ENABLE_STRICT_OBJC_MSGSEND = YES;
				ENABLE_TESTABILITY = YES;
				GCC_C_LANGUAGE_STANDARD = gnu99;
				GCC_DYNAMIC_NO_PIC = NO;
				GCC_NO_COMMON_BLOCKS = YES;
				GCC_OPTIMIZATION_LEVEL = 0;
				GCC_PREPROCESSOR_DEFINITIONS = (
					"DEBUG=1",
					"$(inherited)",
				);
				GCC_WARN_64_TO_32_BIT_CONVERSION = YES;
				GCC_WARN_ABOUT_RETURN_TYPE = YES_ERROR;
				GCC_WARN_UNDECLARED_SELECTOR = YES;
				GCC_WARN_UNINITIALIZED_AUTOS = YES_AGGRESSIVE;
				GCC_WARN_UNUSED_FUNCTION = YES;
				GCC_WARN_UNUSED_VARIABLE = YES;
				MACOSX_DEPLOYMENT_TARGET = 10.11;
				MTL_ENABLE_DEBUG_INFO = YES;
				ONLY_ACTIVE_ARCH = YES;
				SDKROOT = macosx;
			};
			name = Debug;
		};
		D343B92F1C395017009AD773 /* Release */ = {
			isa = XCBuildConfiguration;
			buildSettings = {
				ALWAYS_SEARCH_USER_PATHS = NO;
				CLANG_CXX_LANGUAGE_STANDARD = "gnu++0x";
				CLANG_CXX_LIBRARY = "libc++";
				CLANG_ENABLE_MODULES = YES;
				CLANG_ENABLE_OBJC_ARC = YES;
				CLANG_WARN_BOOL_CONVERSION = YES;
				CLANG_WARN_CONSTANT_CONVERSION = YES;
				CLANG_WARN_DIRECT_OBJC_ISA_USAGE = YES_ERROR;
				CLANG_WARN_EMPTY_BODY = YES;
				CLANG_WARN_ENUM_CONVERSION = YES;
				CLANG_WARN_INT_CONVERSION = YES;
				CLANG_WARN_OBJC_ROOT_CLASS = YES_ERROR;
				CLANG_WARN_UNREACHABLE_CODE = YES;
				CLANG_WARN__DUPLICATE_METHOD_MATCH = YES;
				CODE_SIGN_IDENTITY = "-";
				COPY_PHASE_STRIP = NO;
				DEBUG_INFORMATION_FORMAT = "dwarf-with-dsym";
				ENABLE_NS_ASSERTIONS = NO;
				ENABLE_STRICT_OBJC_MSGSEND = YES;
				GCC_C_LANGUAGE_STANDARD = gnu99;
				GCC_NO_COMMON_BLOCKS = YES;
				GCC_WARN_64_TO_32_BIT_CONVERSION = YES;
				GCC_WARN_ABOUT_RETURN_TYPE = YES_ERROR;
				GCC_WARN_UNDECLARED_SELECTOR = YES;
				GCC_WARN_UNINITIALIZED_AUTOS = YES_AGGRESSIVE;
				GCC_WARN_UNUSED_FUNCTION = YES;
				GCC_WARN_UNUSED_VARIABLE = YES;
				MACOSX_DEPLOYMENT_TARGET = 10.11;
				MTL_ENABLE_DEBUG_INFO = NO;
				SDKROOT = macosx;
			};
			name = Release;
		};
		D343B9311C395017009AD773 /* Debug */ = {
			isa = XCBuildConfiguration;
			buildSettings = {
				ASSETCATALOG_COMPILER_APPICON_NAME = AppIcon;
				COMBINE_HIDPI_IMAGES = YES;
				INFOPLIST_FILE = opengl/Info.plist;
				LD_RUNPATH_SEARCH_PATHS = "$(inherited) @executable_path/../Frameworks";
				PRODUCT_BUNDLE_IDENTIFIER = mk.opengl;
				PRODUCT_NAME = "$(TARGET_NAME)";
			};
			name = Debug;
		};
		D343B9321C395017009AD773 /* Release */ = {
			isa = XCBuildConfiguration;
			buildSettings = {
				ASSETCATALOG_COMPILER_APPICON_NAME = AppIcon;
				COMBINE_HIDPI_IMAGES = YES;
				INFOPLIST_FILE = opengl/Info.plist;
				LD_RUNPATH_SEARCH_PATHS = "$(inherited) @executable_path/../Frameworks";
				PRODUCT_BUNDLE_IDENTIFIER = mk.opengl;
				PRODUCT_NAME = "$(TARGET_NAME)";
			};
			name = Release;
		};
/* End XCBuildConfiguration section */

/* Begin XCConfigurationList section */
		D343B9121C395017009AD773 /* Build configuration list for PBXProject "opengl" */ = {
			isa = XCConfigurationList;
			buildConfigurations = (
				D343B92E1C395017009AD773 /* Debug */,
				D343B92F1C395017009AD773 /* Release */,
			);
			defaultConfigurationIsVisible = 0;
			defaultConfigurationName = Release;
		};
		D343B9301C395017009AD773 /* Build configuration list for PBXNativeTarget "opengl" */ = {
			isa = XCConfigurationList;
			buildConfigurations = (
				D343B9311C395017009AD773 /* Debug */,
				D343B9321C395017009AD773 /* Release */,
			);
			defaultConfigurationIsVisible = 0;
		};
/* End XCConfigurationList section */
	};
	rootObject = D343B90F1C395017009AD773 /* Project object */;
}
